// !$*UTF8*$!
{
	archiveVersion = 1;
	classes = {
	};
	objectVersion = 56;
	objects = {

/* Begin PBXBuildFile section */
		8A1D5DD72C66607E0058C0C6 /* CaloricTrackingAppApp.swift in Sources */ = {isa = PBXBuildFile; fileRef = 8A1D5DD62C66607E0058C0C6 /* CaloricTrackingAppApp.swift */; };
		8A1D5DD92C66607E0058C0C6 /* ContentView.swift in Sources */ = {isa = PBXBuildFile; fileRef = 8A1D5DD82C66607E0058C0C6 /* ContentView.swift */; };
		8A1D5DDB2C6660810058C0C6 /* Assets.xcassets in Resources */ = {isa = PBXBuildFile; fileRef = 8A1D5DDA2C6660810058C0C6 /* Assets.xcassets */; };
		8A1D5DDE2C6660810058C0C6 /* Preview Assets.xcassets in Resources */ = {isa = PBXBuildFile; fileRef = 8A1D5DDD2C6660810058C0C6 /* Preview Assets.xcassets */; };
		8AC292FC2C673A8C00CA6C96 /* CDFoodClass.xcdatamodeld in Sources */ = {isa = PBXBuildFile; fileRef = 8AC292FA2C673A8C00CA6C96 /* CDFoodClass.xcdatamodeld */; };
		8AC292FE2C67502E00CA6C96 /* CDDataModel.swift in Sources */ = {isa = PBXBuildFile; fileRef = 8AC292FD2C67502E00CA6C96 /* CDDataModel.swift */; };
		8AC293002C675A0900CA6C96 /* RingView.swift in Sources */ = {isa = PBXBuildFile; fileRef = 8AC292FF2C675A0900CA6C96 /* RingView.swift */; };
		8AC293032C676DC900CA6C96 /* CustomShadow.swift in Sources */ = {isa = PBXBuildFile; fileRef = 8AC293022C676DC900CA6C96 /* CustomShadow.swift */; };
		8AC293052C6771D600CA6C96 /* FoodElementValue.swift in Sources */ = {isa = PBXBuildFile; fileRef = 8AC293042C6771D600CA6C96 /* FoodElementValue.swift */; };
		8AC293072C67ECB900CA6C96 /* TabView.swift in Sources */ = {isa = PBXBuildFile; fileRef = 8AC293062C67ECB900CA6C96 /* TabView.swift */; };
		8AC2930A2C67ED2E00CA6C96 /* SelectedFood.swift in Sources */ = {isa = PBXBuildFile; fileRef = 8AC293092C67ED2E00CA6C96 /* SelectedFood.swift */; };
		8AC2930C2C67ED5B00CA6C96 /* Tab.swift in Sources */ = {isa = PBXBuildFile; fileRef = 8AC2930B2C67ED5B00CA6C96 /* Tab.swift */; };
		8AC2930E2C6897F800CA6C96 /* FoodCardView.swift in Sources */ = {isa = PBXBuildFile; fileRef = 8AC2930D2C6897F800CA6C96 /* FoodCardView.swift */; };
		8AC293112C689C2E00CA6C96 /* Elements.swift in Sources */ = {isa = PBXBuildFile; fileRef = 8AC293102C689C2E00CA6C96 /* Elements.swift */; };
		8AC293132C68A30F00CA6C96 /* WaterView.swift in Sources */ = {isa = PBXBuildFile; fileRef = 8AC293122C68A30F00CA6C96 /* WaterView.swift */; };
		8AC293152C68B4C200CA6C96 /* AddView.swift in Sources */ = {isa = PBXBuildFile; fileRef = 8AC293142C68B4C200CA6C96 /* AddView.swift */; };
		8AC293172C68B7EA00CA6C96 /* FoodIcon.swift in Sources */ = {isa = PBXBuildFile; fileRef = 8AC293162C68B7EA00CA6C96 /* FoodIcon.swift */; };
		8AC2931B2C68CE1400CA6C96 /* Values.swift in Sources */ = {isa = PBXBuildFile; fileRef = 8AC2931A2C68CE1400CA6C96 /* Values.swift */; };
/* End PBXBuildFile section */

/* Begin PBXFileReference section */
		8A1D5DD32C66607E0058C0C6 /* CaloricTrackingApp.app */ = {isa = PBXFileReference; explicitFileType = wrapper.application; includeInIndex = 0; path = CaloricTrackingApp.app; sourceTree = BUILT_PRODUCTS_DIR; };
		8A1D5DD62C66607E0058C0C6 /* CaloricTrackingAppApp.swift */ = {isa = PBXFileReference; lastKnownFileType = sourcecode.swift; path = CaloricTrackingAppApp.swift; sourceTree = "<group>"; };
		8A1D5DD82C66607E0058C0C6 /* ContentView.swift */ = {isa = PBXFileReference; lastKnownFileType = sourcecode.swift; path = ContentView.swift; sourceTree = "<group>"; };
		8A1D5DDA2C6660810058C0C6 /* Assets.xcassets */ = {isa = PBXFileReference; lastKnownFileType = folder.assetcatalog; path = Assets.xcassets; sourceTree = "<group>"; };
		8A1D5DDD2C6660810058C0C6 /* Preview Assets.xcassets */ = {isa = PBXFileReference; lastKnownFileType = folder.assetcatalog; path = "Preview Assets.xcassets"; sourceTree = "<group>"; };
		8AC292FB2C673A8C00CA6C96 /* CDFoodClass.xcdatamodel */ = {isa = PBXFileReference; lastKnownFileType = wrapper.xcdatamodel; path = CDFoodClass.xcdatamodel; sourceTree = "<group>"; };
		8AC292FD2C67502E00CA6C96 /* CDDataModel.swift */ = {isa = PBXFileReference; lastKnownFileType = sourcecode.swift; path = CDDataModel.swift; sourceTree = "<group>"; };
		8AC292FF2C675A0900CA6C96 /* RingView.swift */ = {isa = PBXFileReference; lastKnownFileType = sourcecode.swift; path = RingView.swift; sourceTree = "<group>"; };
		8AC293022C676DC900CA6C96 /* CustomShadow.swift */ = {isa = PBXFileReference; lastKnownFileType = sourcecode.swift; path = CustomShadow.swift; sourceTree = "<group>"; };
		8AC293042C6771D600CA6C96 /* FoodElementValue.swift */ = {isa = PBXFileReference; lastKnownFileType = sourcecode.swift; path = FoodElementValue.swift; sourceTree = "<group>"; };
		8AC293062C67ECB900CA6C96 /* TabView.swift */ = {isa = PBXFileReference; lastKnownFileType = sourcecode.swift; path = TabView.swift; sourceTree = "<group>"; };
		8AC293092C67ED2E00CA6C96 /* SelectedFood.swift */ = {isa = PBXFileReference; lastKnownFileType = sourcecode.swift; path = SelectedFood.swift; sourceTree = "<group>"; };
		8AC2930B2C67ED5B00CA6C96 /* Tab.swift */ = {isa = PBXFileReference; lastKnownFileType = sourcecode.swift; path = Tab.swift; sourceTree = "<group>"; };
		8AC2930D2C6897F800CA6C96 /* FoodCardView.swift */ = {isa = PBXFileReference; lastKnownFileType = sourcecode.swift; path = FoodCardView.swift; sourceTree = "<group>"; };
		8AC293102C689C2E00CA6C96 /* Elements.swift */ = {isa = PBXFileReference; lastKnownFileType = sourcecode.swift; path = Elements.swift; sourceTree = "<group>"; };
		8AC293122C68A30F00CA6C96 /* WaterView.swift */ = {isa = PBXFileReference; lastKnownFileType = sourcecode.swift; path = WaterView.swift; sourceTree = "<group>"; };
		8AC293142C68B4C200CA6C96 /* AddView.swift */ = {isa = PBXFileReference; lastKnownFileType = sourcecode.swift; path = AddView.swift; sourceTree = "<group>"; };
		8AC293162C68B7EA00CA6C96 /* FoodIcon.swift */ = {isa = PBXFileReference; lastKnownFileType = sourcecode.swift; path = FoodIcon.swift; sourceTree = "<group>"; };
		8AC2931A2C68CE1400CA6C96 /* Values.swift */ = {isa = PBXFileReference; lastKnownFileType = sourcecode.swift; path = Values.swift; sourceTree = "<group>"; };
/* End PBXFileReference section */

/* Begin PBXFrameworksBuildPhase section */
		8A1D5DD02C66607E0058C0C6 /* Frameworks */ = {
			isa = PBXFrameworksBuildPhase;
			buildActionMask = 2147483647;
			files = (
			);
			runOnlyForDeploymentPostprocessing = 0;
		};
/* End PBXFrameworksBuildPhase section */

/* Begin PBXGroup section */
		8A1D5DCA2C66607E0058C0C6 = {
			isa = PBXGroup;
			children = (
				8A1D5DD52C66607E0058C0C6 /* CaloricTrackingApp */,
				8A1D5DD42C66607E0058C0C6 /* Products */,
			);
			sourceTree = "<group>";
		};
		8A1D5DD42C66607E0058C0C6 /* Products */ = {
			isa = PBXGroup;
			children = (
				8A1D5DD32C66607E0058C0C6 /* CaloricTrackingApp.app */,
			);
			name = Products;
			sourceTree = "<group>";
		};
		8A1D5DD52C66607E0058C0C6 /* CaloricTrackingApp */ = {
			isa = PBXGroup;
			children = (
				8AC293012C676D8400CA6C96 /* Helpers */,
				8A1D5DDA2C6660810058C0C6 /* Assets.xcassets */,
				8A1D5DD62C66607E0058C0C6 /* CaloricTrackingAppApp.swift */,
				8AC292FD2C67502E00CA6C96 /* CDDataModel.swift */,
				8AC293082C67ED1500CA6C96 /* Tab */,
				8AC292FA2C673A8C00CA6C96 /* CDFoodClass.xcdatamodeld */,
				8A1D5DD82C66607E0058C0C6 /* ContentView.swift */,
				8A1D5DDC2C6660810058C0C6 /* Preview Content */,
				8AC292FF2C675A0900CA6C96 /* RingView.swift */,
				8AC2930F2C689BE900CA6C96 /* Components */,
				8AC293042C6771D600CA6C96 /* FoodElementValue.swift */,
			);
			path = CaloricTrackingApp;
			sourceTree = "<group>";
		};
		8A1D5DDC2C6660810058C0C6 /* Preview Content */ = {
			isa = PBXGroup;
			children = (
				8A1D5DDD2C6660810058C0C6 /* Preview Assets.xcassets */,
			);
			path = "Preview Content";
			sourceTree = "<group>";
		};
		8AC293012C676D8400CA6C96 /* Helpers */ = {
			isa = PBXGroup;
			children = (
				8AC293022C676DC900CA6C96 /* CustomShadow.swift */,
			);
			path = Helpers;
			sourceTree = "<group>";
		};
		8AC293082C67ED1500CA6C96 /* Tab */ = {
			isa = PBXGroup;
			children = (
				8AC293062C67ECB900CA6C96 /* TabView.swift */,
				8AC293092C67ED2E00CA6C96 /* SelectedFood.swift */,
				8AC2930B2C67ED5B00CA6C96 /* Tab.swift */,
			);
			path = Tab;
			sourceTree = "<group>";
		};
		8AC2930F2C689BE900CA6C96 /* Components */ = {
			isa = PBXGroup;
			children = (
				8AC2930D2C6897F800CA6C96 /* FoodCardView.swift */,
				8AC293102C689C2E00CA6C96 /* Elements.swift */,
				8AC293122C68A30F00CA6C96 /* WaterView.swift */,
				8AC293142C68B4C200CA6C96 /* AddView.swift */,
				8AC293162C68B7EA00CA6C96 /* FoodIcon.swift */,
				8AC2931A2C68CE1400CA6C96 /* Values.swift */,
			);
			path = Components;
			sourceTree = "<group>";
		};
/* End PBXGroup section */

/* Begin PBXNativeTarget section */
		8A1D5DD22C66607E0058C0C6 /* CaloricTrackingApp */ = {
			isa = PBXNativeTarget;
			buildConfigurationList = 8A1D5DE12C6660810058C0C6 /* Build configuration list for PBXNativeTarget "CaloricTrackingApp" */;
			buildPhases = (
				8A1D5DCF2C66607E0058C0C6 /* Sources */,
				8A1D5DD02C66607E0058C0C6 /* Frameworks */,
				8A1D5DD12C66607E0058C0C6 /* Resources */,
			);
			buildRules = (
			);
			dependencies = (
			);
			name = CaloricTrackingApp;
			productName = CaloricTrackingApp;
			productReference = 8A1D5DD32C66607E0058C0C6 /* CaloricTrackingApp.app */;
			productType = "com.apple.product-type.application";
		};
/* End PBXNativeTarget section */

/* Begin PBXProject section */
		8A1D5DCB2C66607E0058C0C6 /* Project object */ = {
			isa = PBXProject;
			attributes = {
				BuildIndependentTargetsInParallel = 1;
				LastSwiftUpdateCheck = 1500;
				LastUpgradeCheck = 1500;
				TargetAttributes = {
					8A1D5DD22C66607E0058C0C6 = {
						CreatedOnToolsVersion = 15.0.1;
					};
				};
			};
			buildConfigurationList = 8A1D5DCE2C66607E0058C0C6 /* Build configuration list for PBXProject "CaloricTrackingApp" */;
			compatibilityVersion = "Xcode 14.0";
			developmentRegion = en;
			hasScannedForEncodings = 0;
			knownRegions = (
				en,
				Base,
			);
			mainGroup = 8A1D5DCA2C66607E0058C0C6;
			productRefGroup = 8A1D5DD42C66607E0058C0C6 /* Products */;
			projectDirPath = "";
			projectRoot = "";
			targets = (
				8A1D5DD22C66607E0058C0C6 /* CaloricTrackingApp */,
			);
		};
/* End PBXProject section */

/* Begin PBXResourcesBuildPhase section */
		8A1D5DD12C66607E0058C0C6 /* Resources */ = {
			isa = PBXResourcesBuildPhase;
			buildActionMask = 2147483647;
			files = (
				8A1D5DDE2C6660810058C0C6 /* Preview Assets.xcassets in Resources */,
				8A1D5DDB2C6660810058C0C6 /* Assets.xcassets in Resources */,
			);
			runOnlyForDeploymentPostprocessing = 0;
		};
/* End PBXResourcesBuildPhase section */

/* Begin PBXSourcesBuildPhase section */
		8A1D5DCF2C66607E0058C0C6 /* Sources */ = {
			isa = PBXSourcesBuildPhase;
			buildActionMask = 2147483647;
			files = (
				8AC293152C68B4C200CA6C96 /* AddView.swift in Sources */,
				8AC293172C68B7EA00CA6C96 /* FoodIcon.swift in Sources */,
				8AC2930E2C6897F800CA6C96 /* FoodCardView.swift in Sources */,
				8AC293052C6771D600CA6C96 /* FoodElementValue.swift in Sources */,
				8AC293132C68A30F00CA6C96 /* WaterView.swift in Sources */,
				8AC293112C689C2E00CA6C96 /* Elements.swift in Sources */,
				8AC293032C676DC900CA6C96 /* CustomShadow.swift in Sources */,
				8AC2931B2C68CE1400CA6C96 /* Values.swift in Sources */,
				8AC293072C67ECB900CA6C96 /* TabView.swift in Sources */,
				8AC293002C675A0900CA6C96 /* RingView.swift in Sources */,
				8A1D5DD92C66607E0058C0C6 /* ContentView.swift in Sources */,
				8AC292FC2C673A8C00CA6C96 /* CDFoodClass.xcdatamodeld in Sources */,
				8AC2930A2C67ED2E00CA6C96 /* SelectedFood.swift in Sources */,
				8AC2930C2C67ED5B00CA6C96 /* Tab.swift in Sources */,
				8AC292FE2C67502E00CA6C96 /* CDDataModel.swift in Sources */,
				8A1D5DD72C66607E0058C0C6 /* CaloricTrackingAppApp.swift in Sources */,
			);
			runOnlyForDeploymentPostprocessing = 0;
		};
/* End PBXSourcesBuildPhase section */

/* Begin XCBuildConfiguration section */
		8A1D5DDF2C6660810058C0C6 /* Debug */ = {
			isa = XCBuildConfiguration;
			buildSettings = {
				ALWAYS_SEARCH_USER_PATHS = NO;
				ASSETCATALOG_COMPILER_GENERATE_SWIFT_ASSET_SYMBOL_EXTENSIONS = YES;
				CLANG_ANALYZER_NONNULL = YES;
				CLANG_ANALYZER_NUMBER_OBJECT_CONVERSION = YES_AGGRESSIVE;
				CLANG_CXX_LANGUAGE_STANDARD = "gnu++20";
				CLANG_ENABLE_MODULES = YES;
				CLANG_ENABLE_OBJC_ARC = YES;
				CLANG_ENABLE_OBJC_WEAK = YES;
				CLANG_WARN_BLOCK_CAPTURE_AUTORELEASING = YES;
				CLANG_WARN_BOOL_CONVERSION = YES;
				CLANG_WARN_COMMA = YES;
				CLANG_WARN_CONSTANT_CONVERSION = YES;
				CLANG_WARN_DEPRECATED_OBJC_IMPLEMENTATIONS = YES;
				CLANG_WARN_DIRECT_OBJC_ISA_USAGE = YES_ERROR;
				CLANG_WARN_DOCUMENTATION_COMMENTS = YES;
				CLANG_WARN_EMPTY_BODY = YES;
				CLANG_WARN_ENUM_CONVERSION = YES;
				CLANG_WARN_INFINITE_RECURSION = YES;
				CLANG_WARN_INT_CONVERSION = YES;
				CLANG_WARN_NON_LITERAL_NULL_CONVERSION = YES;
				CLANG_WARN_OBJC_IMPLICIT_RETAIN_SELF = YES;
				CLANG_WARN_OBJC_LITERAL_CONVERSION = YES;
				CLANG_WARN_OBJC_ROOT_CLASS = YES_ERROR;
				CLANG_WARN_QUOTED_INCLUDE_IN_FRAMEWORK_HEADER = YES;
				CLANG_WARN_RANGE_LOOP_ANALYSIS = YES;
				CLANG_WARN_STRICT_PROTOTYPES = YES;
				CLANG_WARN_SUSPICIOUS_MOVE = YES;
				CLANG_WARN_UNGUARDED_AVAILABILITY = YES_AGGRESSIVE;
				CLANG_WARN_UNREACHABLE_CODE = YES;
				CLANG_WARN__DUPLICATE_METHOD_MATCH = YES;
				COPY_PHASE_STRIP = NO;
				DEBUG_INFORMATION_FORMAT = dwarf;
				ENABLE_STRICT_OBJC_MSGSEND = YES;
				ENABLE_TESTABILITY = YES;
				ENABLE_USER_SCRIPT_SANDBOXING = YES;
				GCC_C_LANGUAGE_STANDARD = gnu17;
				GCC_DYNAMIC_NO_PIC = NO;
				GCC_NO_COMMON_BLOCKS = YES;
				GCC_OPTIMIZATION_LEVEL = 0;
				GCC_PREPROCESSOR_DEFINITIONS = (
					"DEBUG=1",
					"$(inherited)",
				);
				GCC_WARN_64_TO_32_BIT_CONVERSION = YES;
				GCC_WARN_ABOUT_RETURN_TYPE = YES_ERROR;
				GCC_WARN_UNDECLARED_SELECTOR = YES;
				GCC_WARN_UNINITIALIZED_AUTOS = YES_AGGRESSIVE;
				GCC_WARN_UNUSED_FUNCTION = YES;
				GCC_WARN_UNUSED_VARIABLE = YES;
				IPHONEOS_DEPLOYMENT_TARGET = 17.0;
				LOCALIZATION_PREFERS_STRING_CATALOGS = YES;
				MTL_ENABLE_DEBUG_INFO = INCLUDE_SOURCE;
				MTL_FAST_MATH = YES;
				ONLY_ACTIVE_ARCH = YES;
				SDKROOT = iphoneos;
				SWIFT_ACTIVE_COMPILATION_CONDITIONS = "DEBUG $(inherited)";
				SWIFT_OPTIMIZATION_LEVEL = "-Onone";
			};
			name = Debug;
		};
		8A1D5DE02C6660810058C0C6 /* Release */ = {
			isa = XCBuildConfiguration;
			buildSettings = {
				ALWAYS_SEARCH_USER_PATHS = NO;
				ASSETCATALOG_COMPILER_GENERATE_SWIFT_ASSET_SYMBOL_EXTENSIONS = YES;
				CLANG_ANALYZER_NONNULL = YES;
				CLANG_ANALYZER_NUMBER_OBJECT_CONVERSION = YES_AGGRESSIVE;
				CLANG_CXX_LANGUAGE_STANDARD = "gnu++20";
				CLANG_ENABLE_MODULES = YES;
				CLANG_ENABLE_OBJC_ARC = YES;
				CLANG_ENABLE_OBJC_WEAK = YES;
				CLANG_WARN_BLOCK_CAPTURE_AUTORELEASING = YES;
				CLANG_WARN_BOOL_CONVERSION = YES;
				CLANG_WARN_COMMA = YES;
				CLANG_WARN_CONSTANT_CONVERSION = YES;
				CLANG_WARN_DEPRECATED_OBJC_IMPLEMENTATIONS = YES;
				CLANG_WARN_DIRECT_OBJC_ISA_USAGE = YES_ERROR;
				CLANG_WARN_DOCUMENTATION_COMMENTS = YES;
				CLANG_WARN_EMPTY_BODY = YES;
				CLANG_WARN_ENUM_CONVERSION = YES;
				CLANG_WARN_INFINITE_RECURSION = YES;
				CLANG_WARN_INT_CONVERSION = YES;
				CLANG_WARN_NON_LITERAL_NULL_CONVERSION = YES;
				CLANG_WARN_OBJC_IMPLICIT_RETAIN_SELF = YES;
				CLANG_WARN_OBJC_LITERAL_CONVERSION = YES;
				CLANG_WARN_OBJC_ROOT_CLASS = YES_ERROR;
				CLANG_WARN_QUOTED_INCLUDE_IN_FRAMEWORK_HEADER = YES;
				CLANG_WARN_RANGE_LOOP_ANALYSIS = YES;
				CLANG_WARN_STRICT_PROTOTYPES = YES;
				CLANG_WARN_SUSPICIOUS_MOVE = YES;
				CLANG_WARN_UNGUARDED_AVAILABILITY = YES_AGGRESSIVE;
				CLANG_WARN_UNREACHABLE_CODE = YES;
				CLANG_WARN__DUPLICATE_METHOD_MATCH = YES;
				COPY_PHASE_STRIP = NO;
				DEBUG_INFORMATION_FORMAT = "dwarf-with-dsym";
				ENABLE_NS_ASSERTIONS = NO;
				ENABLE_STRICT_OBJC_MSGSEND = YES;
				ENABLE_USER_SCRIPT_SANDBOXING = YES;
				GCC_C_LANGUAGE_STANDARD = gnu17;
				GCC_NO_COMMON_BLOCKS = YES;
				GCC_WARN_64_TO_32_BIT_CONVERSION = YES;
				GCC_WARN_ABOUT_RETURN_TYPE = YES_ERROR;
				GCC_WARN_UNDECLARED_SELECTOR = YES;
				GCC_WARN_UNINITIALIZED_AUTOS = YES_AGGRESSIVE;
				GCC_WARN_UNUSED_FUNCTION = YES;
				GCC_WARN_UNUSED_VARIABLE = YES;
				IPHONEOS_DEPLOYMENT_TARGET = 17.0;
				LOCALIZATION_PREFERS_STRING_CATALOGS = YES;
				MTL_ENABLE_DEBUG_INFO = NO;
				MTL_FAST_MATH = YES;
				SDKROOT = iphoneos;
				SWIFT_COMPILATION_MODE = wholemodule;
				VALIDATE_PRODUCT = YES;
			};
			name = Release;
		};
		8A1D5DE22C6660810058C0C6 /* Debug */ = {
			isa = XCBuildConfiguration;
			buildSettings = {
				ASSETCATALOG_COMPILER_APPICON_NAME = AppIcon;
				ASSETCATALOG_COMPILER_GLOBAL_ACCENT_COLOR_NAME = AccentColor;
				CODE_SIGN_STYLE = Automatic;
				CURRENT_PROJECT_VERSION = 1;
				DEVELOPMENT_ASSET_PATHS = "\"CaloricTrackingApp/Preview Content\"";
				ENABLE_PREVIEWS = YES;
				GENERATE_INFOPLIST_FILE = YES;
				INFOPLIST_KEY_UIApplicationSceneManifest_Generation = YES;
				INFOPLIST_KEY_UIApplicationSupportsIndirectInputEvents = YES;
				INFOPLIST_KEY_UILaunchScreen_Generation = YES;
				INFOPLIST_KEY_UISupportedInterfaceOrientations_iPad = "UIInterfaceOrientationPortrait UIInterfaceOrientationPortraitUpsideDown UIInterfaceOrientationLandscapeLeft UIInterfaceOrientationLandscapeRight";
				INFOPLIST_KEY_UISupportedInterfaceOrientations_iPhone = "UIInterfaceOrientationPortrait UIInterfaceOrientationLandscapeLeft UIInterfaceOrientationLandscapeRight";
				LD_RUNPATH_SEARCH_PATHS = (
					"$(inherited)",
					"@executable_path/Frameworks",
				);
				MARKETING_VERSION = 1.0;
				PRODUCT_BUNDLE_IDENTIFIER = com.ua.CaloricTrackingApp;
				PRODUCT_NAME = "$(TARGET_NAME)";
				SWIFT_EMIT_LOC_STRINGS = YES;
				SWIFT_VERSION = 5.0;
				TARGETED_DEVICE_FAMILY = "1,2";
			};
			name = Debug;
		};
		8A1D5DE32C6660810058C0C6 /* Release */ = {
			isa = XCBuildConfiguration;
			buildSettings = {
				ASSETCATALOG_COMPILER_APPICON_NAME = AppIcon;
				ASSETCATALOG_COMPILER_GLOBAL_ACCENT_COLOR_NAME = AccentColor;
				CODE_SIGN_STYLE = Automatic;
				CURRENT_PROJECT_VERSION = 1;
				DEVELOPMENT_ASSET_PATHS = "\"CaloricTrackingApp/Preview Content\"";
				ENABLE_PREVIEWS = YES;
				GENERATE_INFOPLIST_FILE = YES;
				INFOPLIST_KEY_UIApplicationSceneManifest_Generation = YES;
				INFOPLIST_KEY_UIApplicationSupportsIndirectInputEvents = YES;
				INFOPLIST_KEY_UILaunchScreen_Generation = YES;
				INFOPLIST_KEY_UISupportedInterfaceOrientations_iPad = "UIInterfaceOrientationPortrait UIInterfaceOrientationPortraitUpsideDown UIInterfaceOrientationLandscapeLeft UIInterfaceOrientationLandscapeRight";
				INFOPLIST_KEY_UISupportedInterfaceOrientations_iPhone = "UIInterfaceOrientationPortrait UIInterfaceOrientationLandscapeLeft UIInterfaceOrientationLandscapeRight";
				LD_RUNPATH_SEARCH_PATHS = (
					"$(inherited)",
					"@executable_path/Frameworks",
				);
				MARKETING_VERSION = 1.0;
				PRODUCT_BUNDLE_IDENTIFIER = com.ua.CaloricTrackingApp;
				PRODUCT_NAME = "$(TARGET_NAME)";
				SWIFT_EMIT_LOC_STRINGS = YES;
				SWIFT_VERSION = 5.0;
				TARGETED_DEVICE_FAMILY = "1,2";
			};
			name = Release;
		};
/* End XCBuildConfiguration section */

/* Begin XCConfigurationList section */
		8A1D5DCE2C66607E0058C0C6 /* Build configuration list for PBXProject "CaloricTrackingApp" */ = {
			isa = XCConfigurationList;
			buildConfigurations = (
				8A1D5DDF2C6660810058C0C6 /* Debug */,
				8A1D5DE02C6660810058C0C6 /* Release */,
			);
			defaultConfigurationIsVisible = 0;
			defaultConfigurationName = Release;
		};
		8A1D5DE12C6660810058C0C6 /* Build configuration list for PBXNativeTarget "CaloricTrackingApp" */ = {
			isa = XCConfigurationList;
			buildConfigurations = (
				8A1D5DE22C6660810058C0C6 /* Debug */,
				8A1D5DE32C6660810058C0C6 /* Release */,
			);
			defaultConfigurationIsVisible = 0;
			defaultConfigurationName = Release;
		};
/* End XCConfigurationList section */

/* Begin XCVersionGroup section */
		8AC292FA2C673A8C00CA6C96 /* CDFoodClass.xcdatamodeld */ = {
			isa = XCVersionGroup;
			children = (
				8AC292FB2C673A8C00CA6C96 /* CDFoodClass.xcdatamodel */,
			);
			currentVersion = 8AC292FB2C673A8C00CA6C96 /* CDFoodClass.xcdatamodel */;
			path = CDFoodClass.xcdatamodeld;
			sourceTree = "<group>";
			versionGroupType = wrapper.xcdatamodel;
		};
/* End XCVersionGroup section */
	};
	rootObject = 8A1D5DCB2C66607E0058C0C6 /* Project object */;
}
